
Microsoft Visual Studio Solution File, Format Version 12.00
# Visual Studio Version 17
VisualStudioVersion = 17.3.32804.467
MinimumVisualStudioVersion = 10.0.40219.1
Project("{8BC9CEB8-8B4A-11D0-8D11-00A0C91BC942}") = "Project_230508_달팽이2차원배열", "Project_230508_달팽이2차원배열\Project_230508_달팽이2차원배열.vcxproj", "{E10A5758-173C-4CCC-8E34-C2CF9D25A79E}"
EndProject
Global
	GlobalSection(SolutionConfigurationPlatforms) = preSolution
		Debug|x64 = Debug|x64
		Debug|x86 = Debug|x86
		Release|x64 = Release|x64
		Release|x86 = Release|x86
	EndGlobalSection
	GlobalSection(ProjectConfigurationPlatforms) = postSolution
		{E10A5758-173C-4CCC-8E34-C2CF9D25A79E}.Debug|x64.ActiveCfg = Debug|x64
		{E10A5758-173C-4CCC-8E34-C2CF9D25A79E}.Debug|x64.Build.0 = Debug|x64
		{E10A5758-173C-4CCC-8E34-C2CF9D25A79E}.Debug|x86.ActiveCfg = Debug|Win32
		{E10A5758-173C-4CCC-8E34-C2CF9D25A79E}.Debug|x86.Build.0 = Debug|Win32
		{E10A5758-173C-4CCC-8E34-C2CF9D25A79E}.Release|x64.ActiveCfg = Release|x64
		{E10A5758-173C-4CCC-8E34-C2CF9D25A79E}.Release|x64.Build.0 = Release|x64
		{E10A5758-173C-4CCC-8E34-C2CF9D25A79E}.Release|x86.ActiveCfg = Release|Win32
		{E10A5758-173C-4CCC-8E34-C2CF9D25A79E}.Release|x86.Build.0 = Release|Win32
	EndGlobalSection
	GlobalSection(SolutionProperties) = preSolution
		HideSolutionNode = FALSE
	EndGlobalSection
	GlobalSection(ExtensibilityGlobals) = postSolution
		SolutionGuid = {03366082-A12E-44FE-BFF0-1A8C8EDD3F02}
	EndGlobalSection
EndGlobal
